
Microsoft Visual Studio Solution File, Format Version 12.00
# Visual Studio Version 17
VisualStudioVersion = 17.8.34330.188
MinimumVisualStudioVersion = 10.0.40219.1
Project("{9A19103F-16F7-4668-BE54-9A1E7A4F7556}") = "TaskAPI", "TaskAPI\TaskAPI.csproj", "{174F26C7-2895-4F00-B8A9-873C77595F75}"
EndProject
Project("{FAE04EC0-301F-11D3-BF4B-00C04F79EFBC}") = "TaskAPI.Models", "TaskAPI.models\TaskAPI.Models.csproj", "{1EF18A69-6164-4503-BF01-07E112376378}"
EndProject
Project("{FAE04EC0-301F-11D3-BF4B-00C04F79EFBC}") = "TaskAPI.Services", "TaskAPI.Services\TaskAPI.Services.csproj", "{329DCBBE-4409-4F28-AC26-7350D62BD79F}"
EndProject
Project("{FAE04EC0-301F-11D3-BF4B-00C04F79EFBC}") = "TaskAPI.DataAccess", "TaskAPI.DataAccess\TaskAPI.DataAccess.csproj", "{18B3AA94-193D-42B5-8E5C-6E0C1CF74D94}"
EndProject
Global
	GlobalSection(SolutionConfigurationPlatforms) = preSolution
		Debug|Any CPU = Debug|Any CPU
		Release|Any CPU = Release|Any CPU
	EndGlobalSection
	GlobalSection(ProjectConfigurationPlatforms) = postSolution
		{174F26C7-2895-4F00-B8A9-873C77595F75}.Debug|Any CPU.ActiveCfg = Debug|Any CPU
		{174F26C7-2895-4F00-B8A9-873C77595F75}.Debug|Any CPU.Build.0 = Debug|Any CPU
		{174F26C7-2895-4F00-B8A9-873C77595F75}.Release|Any CPU.ActiveCfg = Release|Any CPU
		{174F26C7-2895-4F00-B8A9-873C77595F75}.Release|Any CPU.Build.0 = Release|Any CPU
		{1EF18A69-6164-4503-BF01-07E112376378}.Debug|Any CPU.ActiveCfg = Debug|Any CPU
		{1EF18A69-6164-4503-BF01-07E112376378}.Debug|Any CPU.Build.0 = Debug|Any CPU
		{1EF18A69-6164-4503-BF01-07E112376378}.Release|Any CPU.ActiveCfg = Release|Any CPU
		{1EF18A69-6164-4503-BF01-07E112376378}.Release|Any CPU.Build.0 = Release|Any CPU
		{329DCBBE-4409-4F28-AC26-7350D62BD79F}.Debug|Any CPU.ActiveCfg = Debug|Any CPU
		{329DCBBE-4409-4F28-AC26-7350D62BD79F}.Debug|Any CPU.Build.0 = Debug|Any CPU
		{329DCBBE-4409-4F28-AC26-7350D62BD79F}.Release|Any CPU.ActiveCfg = Release|Any CPU
		{329DCBBE-4409-4F28-AC26-7350D62BD79F}.Release|Any CPU.Build.0 = Release|Any CPU
		{18B3AA94-193D-42B5-8E5C-6E0C1CF74D94}.Debug|Any CPU.ActiveCfg = Debug|Any CPU
		{18B3AA94-193D-42B5-8E5C-6E0C1CF74D94}.Debug|Any CPU.Build.0 = Debug|Any CPU
		{18B3AA94-193D-42B5-8E5C-6E0C1CF74D94}.Release|Any CPU.ActiveCfg = Release|Any CPU
		{18B3AA94-193D-42B5-8E5C-6E0C1CF74D94}.Release|Any CPU.Build.0 = Release|Any CPU
	EndGlobalSection
	GlobalSection(SolutionProperties) = preSolution
		HideSolutionNode = FALSE
	EndGlobalSection
	GlobalSection(ExtensibilityGlobals) = postSolution
		SolutionGuid = {A16D9BBF-417F-45A3-8786-BBDF6574AF87}
	EndGlobalSection
EndGlobal
